
Microsoft Visual Studio Solution File, Format Version 12.00
# Visual Studio Version 17
VisualStudioVersion = 17.7.34031.279
MinimumVisualStudioVersion = 10.0.40219.1
Project("{8BC9CEB8-8B4A-11D0-8D11-00A0C91BC942}") = "OOP Lab 3.3 G", "OOP Lab 3.3 G\OOP Lab 3.3 G.vcxproj", "{5F607F97-120F-4394-8D52-F8EBF53B666D}"
EndProject
Project("{8BC9CEB8-8B4A-11D0-8D11-00A0C91BC942}") = "UnitTest1", "UnitTest1\UnitTest1.vcxproj", "{5ABFC2AA-4A7D-4AC2-A29F-C0A152938755}"
EndProject
Global
	GlobalSection(SolutionConfigurationPlatforms) = preSolution
		Debug|x64 = Debug|x64
		Debug|x86 = Debug|x86
		Release|x64 = Release|x64
		Release|x86 = Release|x86
	EndGlobalSection
	GlobalSection(ProjectConfigurationPlatforms) = postSolution
		{5F607F97-120F-4394-8D52-F8EBF53B666D}.Debug|x64.ActiveCfg = Debug|x64
		{5F607F97-120F-4394-8D52-F8EBF53B666D}.Debug|x64.Build.0 = Debug|x64
		{5F607F97-120F-4394-8D52-F8EBF53B666D}.Debug|x86.ActiveCfg = Debug|Win32
		{5F607F97-120F-4394-8D52-F8EBF53B666D}.Debug|x86.Build.0 = Debug|Win32
		{5F607F97-120F-4394-8D52-F8EBF53B666D}.Release|x64.ActiveCfg = Release|x64
		{5F607F97-120F-4394-8D52-F8EBF53B666D}.Release|x64.Build.0 = Release|x64
		{5F607F97-120F-4394-8D52-F8EBF53B666D}.Release|x86.ActiveCfg = Release|Win32
		{5F607F97-120F-4394-8D52-F8EBF53B666D}.Release|x86.Build.0 = Release|Win32
		{5ABFC2AA-4A7D-4AC2-A29F-C0A152938755}.Debug|x64.ActiveCfg = Debug|x64
		{5ABFC2AA-4A7D-4AC2-A29F-C0A152938755}.Debug|x64.Build.0 = Debug|x64
		{5ABFC2AA-4A7D-4AC2-A29F-C0A152938755}.Debug|x86.ActiveCfg = Debug|Win32
		{5ABFC2AA-4A7D-4AC2-A29F-C0A152938755}.Debug|x86.Build.0 = Debug|Win32
		{5ABFC2AA-4A7D-4AC2-A29F-C0A152938755}.Release|x64.ActiveCfg = Release|x64
		{5ABFC2AA-4A7D-4AC2-A29F-C0A152938755}.Release|x64.Build.0 = Release|x64
		{5ABFC2AA-4A7D-4AC2-A29F-C0A152938755}.Release|x86.ActiveCfg = Release|Win32
		{5ABFC2AA-4A7D-4AC2-A29F-C0A152938755}.Release|x86.Build.0 = Release|Win32
	EndGlobalSection
	GlobalSection(SolutionProperties) = preSolution
		HideSolutionNode = FALSE
	EndGlobalSection
	GlobalSection(ExtensibilityGlobals) = postSolution
		SolutionGuid = {F0C93A97-2D67-4868-980E-780E2DF5F5EC}
	EndGlobalSection
EndGlobal
